
Microsoft Visual Studio Solution File, Format Version 12.00
# Visual Studio Version 17
VisualStudioVersion = 17.6.33723.286
MinimumVisualStudioVersion = 10.0.40219.1
Project("{FAE04EC0-301F-11D3-BF4B-00C04F79EFBC}") = "TopBurgers", "TopBurgers\TopBurgers.csproj", "{D36E93F1-1C71-48F9-82DA-35DB31AB392F}"
EndProject
Global
	GlobalSection(SolutionConfigurationPlatforms) = preSolution
		Debug|Any CPU = Debug|Any CPU
		Release|Any CPU = Release|Any CPU
	EndGlobalSection
	GlobalSection(ProjectConfigurationPlatforms) = postSolution
		{D36E93F1-1C71-48F9-82DA-35DB31AB392F}.Debug|Any CPU.ActiveCfg = Debug|Any CPU
		{D36E93F1-1C71-48F9-82DA-35DB31AB392F}.Debug|Any CPU.Build.0 = Debug|Any CPU
		{D36E93F1-1C71-48F9-82DA-35DB31AB392F}.Release|Any CPU.ActiveCfg = Release|Any CPU
		{D36E93F1-1C71-48F9-82DA-35DB31AB392F}.Release|Any CPU.Build.0 = Release|Any CPU
	EndGlobalSection
	GlobalSection(SolutionProperties) = preSolution
		HideSolutionNode = FALSE
	EndGlobalSection
	GlobalSection(ExtensibilityGlobals) = postSolution
		SolutionGuid = {C41AF00F-B1ED-406F-BEA6-E78945B5E461}
	EndGlobalSection
EndGlobal
